
Microsoft Visual Studio Solution File, Format Version 12.00
# Visual Studio 15
VisualStudioVersion = 15.0.28307.572
MinimumVisualStudioVersion = 10.0.40219.1
Project("{8BC9CEB8-8B4A-11D0-8D11-00A0C91BC942}") = "哈希", "哈希\哈希.vcxproj", "{5AE9AEEB-7A5E-4C11-8F8B-AF84E3716FEB}"
EndProject
Global
	GlobalSection(SolutionConfigurationPlatforms) = preSolution
		Debug|x64 = Debug|x64
		Debug|x86 = Debug|x86
		Release|x64 = Release|x64
		Release|x86 = Release|x86
	EndGlobalSection
	GlobalSection(ProjectConfigurationPlatforms) = postSolution
		{5AE9AEEB-7A5E-4C11-8F8B-AF84E3716FEB}.Debug|x64.ActiveCfg = Debug|x64
		{5AE9AEEB-7A5E-4C11-8F8B-AF84E3716FEB}.Debug|x64.Build.0 = Debug|x64
		{5AE9AEEB-7A5E-4C11-8F8B-AF84E3716FEB}.Debug|x86.ActiveCfg = Debug|Win32
		{5AE9AEEB-7A5E-4C11-8F8B-AF84E3716FEB}.Debug|x86.Build.0 = Debug|Win32
		{5AE9AEEB-7A5E-4C11-8F8B-AF84E3716FEB}.Release|x64.ActiveCfg = Release|x64
		{5AE9AEEB-7A5E-4C11-8F8B-AF84E3716FEB}.Release|x64.Build.0 = Release|x64
		{5AE9AEEB-7A5E-4C11-8F8B-AF84E3716FEB}.Release|x86.ActiveCfg = Release|Win32
		{5AE9AEEB-7A5E-4C11-8F8B-AF84E3716FEB}.Release|x86.Build.0 = Release|Win32
	EndGlobalSection
	GlobalSection(SolutionProperties) = preSolution
		HideSolutionNode = FALSE
	EndGlobalSection
	GlobalSection(ExtensibilityGlobals) = postSolution
		SolutionGuid = {8F61C6DF-3246-4EAB-A9A0-284183BB041D}
	EndGlobalSection
EndGlobal
